
Microsoft Visual Studio Solution File, Format Version 12.00
# Visual Studio Version 18
VisualStudioVersion = 18.3.11520.95 d18.3
MinimumVisualStudioVersion = 10.0.40219.1
Project("{FAE04EC0-301F-11D3-BF4B-00C04F79EFBC}") = "GraduationProject.API", "GraduationProject.API.csproj", "{2EA45B10-F419-E490-B67F-0948F12BB588}"
EndProject
Global
	GlobalSection(SolutionConfigurationPlatforms) = preSolution
		Debug|Any CPU = Debug|Any CPU
		Release|Any CPU = Release|Any CPU
	EndGlobalSection
	GlobalSection(ProjectConfigurationPlatforms) = postSolution
		{2EA45B10-F419-E490-B67F-0948F12BB588}.Debug|Any CPU.ActiveCfg = Debug|Any CPU
		{2EA45B10-F419-E490-B67F-0948F12BB588}.Debug|Any CPU.Build.0 = Debug|Any CPU
		{2EA45B10-F419-E490-B67F-0948F12BB588}.Release|Any CPU.ActiveCfg = Release|Any CPU
		{2EA45B10-F419-E490-B67F-0948F12BB588}.Release|Any CPU.Build.0 = Release|Any CPU
	EndGlobalSection
	GlobalSection(SolutionProperties) = preSolution
		HideSolutionNode = FALSE
	EndGlobalSection
	GlobalSection(ExtensibilityGlobals) = postSolution
		SolutionGuid = {3B4891C4-1A8A-4E59-B190-CC269DBCEE4B}
	EndGlobalSection
EndGlobal
